// !$*UTF8*$!
{
	archiveVersion = 1;
	classes = {
	};
	objectVersion = 56;
	objects = {

/* Begin PBXBuildFile section */
		341BBEDA2AE6D27D00C64E59 /* MatchedGeometryEffectBootcamp.swift in Sources */ = {isa = PBXBuildFile; fileRef = 341BBED92AE6D27D00C64E59 /* MatchedGeometryEffectBootcamp.swift */; };
		341BBEDC2AE6D8B200C64E59 /* CustomShapesBootcamp.swift in Sources */ = {isa = PBXBuildFile; fileRef = 341BBEDB2AE6D8B200C64E59 /* CustomShapesBootcamp.swift */; };
		343510DF2AE829590029B9E7 /* CustomCurvesBootcamp.swift in Sources */ = {isa = PBXBuildFile; fileRef = 343510DE2AE829590029B9E7 /* CustomCurvesBootcamp.swift */; };
		348027332AEC178A0089C5D2 /* AnimatableDataBootcamp.swift in Sources */ = {isa = PBXBuildFile; fileRef = 348027322AEC178A0089C5D2 /* AnimatableDataBootcamp.swift */; };
		34DDF7E52AED18B300774E07 /* PreferenceKeyBootcamp.swift in Sources */ = {isa = PBXBuildFile; fileRef = 34DDF7E42AED18B300774E07 /* PreferenceKeyBootcamp.swift */; };
		34DDF7E82AED1D4600774E07 /* GeometryPreferenceKeyBootcamp.swift in Sources */ = {isa = PBXBuildFile; fileRef = 34DDF7E72AED1D4600774E07 /* GeometryPreferenceKeyBootcamp.swift */; };
		34DDF7EA2AED204100774E07 /* ScrollViewOffsetPreferenceKeyBootcamp.swift in Sources */ = {isa = PBXBuildFile; fileRef = 34DDF7E92AED204100774E07 /* ScrollViewOffsetPreferenceKeyBootcamp.swift */; };
		34DDF7ED2AED2AD100774E07 /* AppTabBarView.swift in Sources */ = {isa = PBXBuildFile; fileRef = 34DDF7EC2AED2AD100774E07 /* AppTabBarView.swift */; };
		34DDF7EF2AED2C4200774E07 /* CustomTabBarView.swift in Sources */ = {isa = PBXBuildFile; fileRef = 34DDF7EE2AED2C4200774E07 /* CustomTabBarView.swift */; };
		34DDF7F12AED324E00774E07 /* CustomTabBarContainerView.swift in Sources */ = {isa = PBXBuildFile; fileRef = 34DDF7F02AED324E00774E07 /* CustomTabBarContainerView.swift */; };
		34DDF7F32AED35A800774E07 /* TabBarItemsPreferenceKey.swift in Sources */ = {isa = PBXBuildFile; fileRef = 34DDF7F22AED35A800774E07 /* TabBarItemsPreferenceKey.swift */; };
		34ED091A2AEE69BD006D055D /* TabBarItem.swift in Sources */ = {isa = PBXBuildFile; fileRef = 34ED09192AEE69BD006D055D /* TabBarItem.swift */; };
		34ED091D2AEE71A2006D055D /* AppNavBarView.swift in Sources */ = {isa = PBXBuildFile; fileRef = 34ED091C2AEE71A2006D055D /* AppNavBarView.swift */; };
		34ED091F2AEE72E3006D055D /* CustomNavBarView.swift in Sources */ = {isa = PBXBuildFile; fileRef = 34ED091E2AEE72E3006D055D /* CustomNavBarView.swift */; };
		34ED09212AEE75A8006D055D /* CustomNavBarContainerView.swift in Sources */ = {isa = PBXBuildFile; fileRef = 34ED09202AEE75A8006D055D /* CustomNavBarContainerView.swift */; };
		34ED09232AEE7A59006D055D /* CustomNavView.swift in Sources */ = {isa = PBXBuildFile; fileRef = 34ED09222AEE7A59006D055D /* CustomNavView.swift */; };
		34EF13632AEC1E2B00DB66CB /* GenericsBootcamp.swift in Sources */ = {isa = PBXBuildFile; fileRef = 34EF13622AEC1E2B00DB66CB /* GenericsBootcamp.swift */; };
		34EF13652AEC24CE00DB66CB /* ViewBuilderBootcamp.swift in Sources */ = {isa = PBXBuildFile; fileRef = 34EF13642AEC24CE00DB66CB /* ViewBuilderBootcamp.swift */; };
		34FFC2BC2AE5717500DFEE98 /* SwiftfulAdvanceApp.swift in Sources */ = {isa = PBXBuildFile; fileRef = 34FFC2BB2AE5717400DFEE98 /* SwiftfulAdvanceApp.swift */; };
		34FFC2C02AE5717900DFEE98 /* Assets.xcassets in Resources */ = {isa = PBXBuildFile; fileRef = 34FFC2BF2AE5717900DFEE98 /* Assets.xcassets */; };
		34FFC2C32AE5717900DFEE98 /* Preview Assets.xcassets in Resources */ = {isa = PBXBuildFile; fileRef = 34FFC2C22AE5717900DFEE98 /* Preview Assets.xcassets */; };
		34FFC2CA2AE5719F00DFEE98 /* ViewModifierBootcamp.swift in Sources */ = {isa = PBXBuildFile; fileRef = 34FFC2C92AE5719F00DFEE98 /* ViewModifierBootcamp.swift */; };
		34FFC2CC2AE578AF00DFEE98 /* ButtonStyleBootcamp.swift in Sources */ = {isa = PBXBuildFile; fileRef = 34FFC2CB2AE578AF00DFEE98 /* ButtonStyleBootcamp.swift */; };
		34FFC2CE2AE57EDE00DFEE98 /* AnyTransitionBootcamp.swift in Sources */ = {isa = PBXBuildFile; fileRef = 34FFC2CD2AE57EDE00DFEE98 /* AnyTransitionBootcamp.swift */; };
/* End PBXBuildFile section */

/* Begin PBXFileReference section */
		341BBED92AE6D27D00C64E59 /* MatchedGeometryEffectBootcamp.swift */ = {isa = PBXFileReference; lastKnownFileType = sourcecode.swift; path = MatchedGeometryEffectBootcamp.swift; sourceTree = "<group>"; };
		341BBEDB2AE6D8B200C64E59 /* CustomShapesBootcamp.swift */ = {isa = PBXFileReference; lastKnownFileType = sourcecode.swift; path = CustomShapesBootcamp.swift; sourceTree = "<group>"; };
		343510DE2AE829590029B9E7 /* CustomCurvesBootcamp.swift */ = {isa = PBXFileReference; lastKnownFileType = sourcecode.swift; path = CustomCurvesBootcamp.swift; sourceTree = "<group>"; };
		348027322AEC178A0089C5D2 /* AnimatableDataBootcamp.swift */ = {isa = PBXFileReference; lastKnownFileType = sourcecode.swift; path = AnimatableDataBootcamp.swift; sourceTree = "<group>"; };
		34DDF7E42AED18B300774E07 /* PreferenceKeyBootcamp.swift */ = {isa = PBXFileReference; lastKnownFileType = sourcecode.swift; path = PreferenceKeyBootcamp.swift; sourceTree = "<group>"; };
		34DDF7E72AED1D4600774E07 /* GeometryPreferenceKeyBootcamp.swift */ = {isa = PBXFileReference; lastKnownFileType = sourcecode.swift; path = GeometryPreferenceKeyBootcamp.swift; sourceTree = "<group>"; };
		34DDF7E92AED204100774E07 /* ScrollViewOffsetPreferenceKeyBootcamp.swift */ = {isa = PBXFileReference; lastKnownFileType = sourcecode.swift; path = ScrollViewOffsetPreferenceKeyBootcamp.swift; sourceTree = "<group>"; };
		34DDF7EC2AED2AD100774E07 /* AppTabBarView.swift */ = {isa = PBXFileReference; lastKnownFileType = sourcecode.swift; path = AppTabBarView.swift; sourceTree = "<group>"; };
		34DDF7EE2AED2C4200774E07 /* CustomTabBarView.swift */ = {isa = PBXFileReference; lastKnownFileType = sourcecode.swift; path = CustomTabBarView.swift; sourceTree = "<group>"; };
		34DDF7F02AED324E00774E07 /* CustomTabBarContainerView.swift */ = {isa = PBXFileReference; lastKnownFileType = sourcecode.swift; path = CustomTabBarContainerView.swift; sourceTree = "<group>"; };
		34DDF7F22AED35A800774E07 /* TabBarItemsPreferenceKey.swift */ = {isa = PBXFileReference; lastKnownFileType = sourcecode.swift; path = TabBarItemsPreferenceKey.swift; sourceTree = "<group>"; };
		34ED09192AEE69BD006D055D /* TabBarItem.swift */ = {isa = PBXFileReference; lastKnownFileType = sourcecode.swift; path = TabBarItem.swift; sourceTree = "<group>"; };
		34ED091C2AEE71A2006D055D /* AppNavBarView.swift */ = {isa = PBXFileReference; lastKnownFileType = sourcecode.swift; path = AppNavBarView.swift; sourceTree = "<group>"; };
		34ED091E2AEE72E3006D055D /* CustomNavBarView.swift */ = {isa = PBXFileReference; lastKnownFileType = sourcecode.swift; path = CustomNavBarView.swift; sourceTree = "<group>"; };
		34ED09202AEE75A8006D055D /* CustomNavBarContainerView.swift */ = {isa = PBXFileReference; lastKnownFileType = sourcecode.swift; path = CustomNavBarContainerView.swift; sourceTree = "<group>"; };
		34ED09222AEE7A59006D055D /* CustomNavView.swift */ = {isa = PBXFileReference; lastKnownFileType = sourcecode.swift; path = CustomNavView.swift; sourceTree = "<group>"; };
		34EF13622AEC1E2B00DB66CB /* GenericsBootcamp.swift */ = {isa = PBXFileReference; lastKnownFileType = sourcecode.swift; path = GenericsBootcamp.swift; sourceTree = "<group>"; };
		34EF13642AEC24CE00DB66CB /* ViewBuilderBootcamp.swift */ = {isa = PBXFileReference; lastKnownFileType = sourcecode.swift; path = ViewBuilderBootcamp.swift; sourceTree = "<group>"; };
		34FFC2B82AE5717400DFEE98 /* SwiftfulAdvance.app */ = {isa = PBXFileReference; explicitFileType = wrapper.application; includeInIndex = 0; path = SwiftfulAdvance.app; sourceTree = BUILT_PRODUCTS_DIR; };
		34FFC2BB2AE5717400DFEE98 /* SwiftfulAdvanceApp.swift */ = {isa = PBXFileReference; lastKnownFileType = sourcecode.swift; path = SwiftfulAdvanceApp.swift; sourceTree = "<group>"; };
		34FFC2BF2AE5717900DFEE98 /* Assets.xcassets */ = {isa = PBXFileReference; lastKnownFileType = folder.assetcatalog; path = Assets.xcassets; sourceTree = "<group>"; };
		34FFC2C22AE5717900DFEE98 /* Preview Assets.xcassets */ = {isa = PBXFileReference; lastKnownFileType = folder.assetcatalog; path = "Preview Assets.xcassets"; sourceTree = "<group>"; };
		34FFC2C92AE5719F00DFEE98 /* ViewModifierBootcamp.swift */ = {isa = PBXFileReference; lastKnownFileType = sourcecode.swift; path = ViewModifierBootcamp.swift; sourceTree = "<group>"; };
		34FFC2CB2AE578AF00DFEE98 /* ButtonStyleBootcamp.swift */ = {isa = PBXFileReference; lastKnownFileType = sourcecode.swift; path = ButtonStyleBootcamp.swift; sourceTree = "<group>"; };
		34FFC2CD2AE57EDE00DFEE98 /* AnyTransitionBootcamp.swift */ = {isa = PBXFileReference; lastKnownFileType = sourcecode.swift; path = AnyTransitionBootcamp.swift; sourceTree = "<group>"; };
/* End PBXFileReference section */

/* Begin PBXFrameworksBuildPhase section */
		34FFC2B52AE5717400DFEE98 /* Frameworks */ = {
			isa = PBXFrameworksBuildPhase;
			buildActionMask = 2147483647;
			files = (
			);
			runOnlyForDeploymentPostprocessing = 0;
		};
/* End PBXFrameworksBuildPhase section */

/* Begin PBXGroup section */
		34DDF7E62AED1D3300774E07 /* PreferenceKeyBootcamp */ = {
			isa = PBXGroup;
			children = (
				34DDF7E42AED18B300774E07 /* PreferenceKeyBootcamp.swift */,
				34DDF7E72AED1D4600774E07 /* GeometryPreferenceKeyBootcamp.swift */,
				34DDF7E92AED204100774E07 /* ScrollViewOffsetPreferenceKeyBootcamp.swift */,
			);
			path = PreferenceKeyBootcamp;
			sourceTree = "<group>";
		};
		34DDF7EB2AED2ABD00774E07 /* CustomTabBar */ = {
			isa = PBXGroup;
			children = (
				34DDF7EC2AED2AD100774E07 /* AppTabBarView.swift */,
				34DDF7EE2AED2C4200774E07 /* CustomTabBarView.swift */,
				34DDF7F02AED324E00774E07 /* CustomTabBarContainerView.swift */,
				34DDF7F22AED35A800774E07 /* TabBarItemsPreferenceKey.swift */,
				34ED09192AEE69BD006D055D /* TabBarItem.swift */,
			);
			path = CustomTabBar;
			sourceTree = "<group>";
		};
		34ED091B2AEE718D006D055D /* CustomNavBar */ = {
			isa = PBXGroup;
			children = (
				34ED091C2AEE71A2006D055D /* AppNavBarView.swift */,
				34ED09222AEE7A59006D055D /* CustomNavView.swift */,
				34ED091E2AEE72E3006D055D /* CustomNavBarView.swift */,
				34ED09202AEE75A8006D055D /* CustomNavBarContainerView.swift */,
			);
			path = CustomNavBar;
			sourceTree = "<group>";
		};
		34FFC2AF2AE5717400DFEE98 = {
			isa = PBXGroup;
			children = (
				34FFC2BA2AE5717400DFEE98 /* SwiftfulAdvance */,
				34FFC2B92AE5717400DFEE98 /* Products */,
			);
			sourceTree = "<group>";
		};
		34FFC2B92AE5717400DFEE98 /* Products */ = {
			isa = PBXGroup;
			children = (
				34FFC2B82AE5717400DFEE98 /* SwiftfulAdvance.app */,
			);
			name = Products;
			sourceTree = "<group>";
		};
		34FFC2BA2AE5717400DFEE98 /* SwiftfulAdvance */ = {
			isa = PBXGroup;
			children = (
				34FFC2BB2AE5717400DFEE98 /* SwiftfulAdvanceApp.swift */,
				34FFC2C92AE5719F00DFEE98 /* ViewModifierBootcamp.swift */,
				34FFC2CB2AE578AF00DFEE98 /* ButtonStyleBootcamp.swift */,
				34FFC2CD2AE57EDE00DFEE98 /* AnyTransitionBootcamp.swift */,
				341BBED92AE6D27D00C64E59 /* MatchedGeometryEffectBootcamp.swift */,
				341BBEDB2AE6D8B200C64E59 /* CustomShapesBootcamp.swift */,
				343510DE2AE829590029B9E7 /* CustomCurvesBootcamp.swift */,
				348027322AEC178A0089C5D2 /* AnimatableDataBootcamp.swift */,
				34EF13622AEC1E2B00DB66CB /* GenericsBootcamp.swift */,
				34EF13642AEC24CE00DB66CB /* ViewBuilderBootcamp.swift */,
				34DDF7E62AED1D3300774E07 /* PreferenceKeyBootcamp */,
				34DDF7EB2AED2ABD00774E07 /* CustomTabBar */,
				34ED091B2AEE718D006D055D /* CustomNavBar */,
				34FFC2BF2AE5717900DFEE98 /* Assets.xcassets */,
				34FFC2C12AE5717900DFEE98 /* Preview Content */,
			);
			path = SwiftfulAdvance;
			sourceTree = "<group>";
		};
		34FFC2C12AE5717900DFEE98 /* Preview Content */ = {
			isa = PBXGroup;
			children = (
				34FFC2C22AE5717900DFEE98 /* Preview Assets.xcassets */,
			);
			path = "Preview Content";
			sourceTree = "<group>";
		};
/* End PBXGroup section */

/* Begin PBXNativeTarget section */
		34FFC2B72AE5717400DFEE98 /* SwiftfulAdvance */ = {
			isa = PBXNativeTarget;
			buildConfigurationList = 34FFC2C62AE5717900DFEE98 /* Build configuration list for PBXNativeTarget "SwiftfulAdvance" */;
			buildPhases = (
				34FFC2B42AE5717400DFEE98 /* Sources */,
				34FFC2B52AE5717400DFEE98 /* Frameworks */,
				34FFC2B62AE5717400DFEE98 /* Resources */,
			);
			buildRules = (
			);
			dependencies = (
			);
			name = SwiftfulAdvance;
			productName = SwiftfulAdvance;
			productReference = 34FFC2B82AE5717400DFEE98 /* SwiftfulAdvance.app */;
			productType = "com.apple.product-type.application";
		};
/* End PBXNativeTarget section */

/* Begin PBXProject section */
		34FFC2B02AE5717400DFEE98 /* Project object */ = {
			isa = PBXProject;
			attributes = {
				BuildIndependentTargetsInParallel = 1;
				LastSwiftUpdateCheck = 1430;
				LastUpgradeCheck = 1430;
				TargetAttributes = {
					34FFC2B72AE5717400DFEE98 = {
						CreatedOnToolsVersion = 14.3.1;
					};
				};
			};
			buildConfigurationList = 34FFC2B32AE5717400DFEE98 /* Build configuration list for PBXProject "SwiftfulAdvance" */;
			compatibilityVersion = "Xcode 14.0";
			developmentRegion = en;
			hasScannedForEncodings = 0;
			knownRegions = (
				en,
				Base,
			);
			mainGroup = 34FFC2AF2AE5717400DFEE98;
			productRefGroup = 34FFC2B92AE5717400DFEE98 /* Products */;
			projectDirPath = "";
			projectRoot = "";
			targets = (
				34FFC2B72AE5717400DFEE98 /* SwiftfulAdvance */,
			);
		};
/* End PBXProject section */

/* Begin PBXResourcesBuildPhase section */
		34FFC2B62AE5717400DFEE98 /* Resources */ = {
			isa = PBXResourcesBuildPhase;
			buildActionMask = 2147483647;
			files = (
				34FFC2C32AE5717900DFEE98 /* Preview Assets.xcassets in Resources */,
				34FFC2C02AE5717900DFEE98 /* Assets.xcassets in Resources */,
			);
			runOnlyForDeploymentPostprocessing = 0;
		};
/* End PBXResourcesBuildPhase section */

/* Begin PBXSourcesBuildPhase section */
		34FFC2B42AE5717400DFEE98 /* Sources */ = {
			isa = PBXSourcesBuildPhase;
			buildActionMask = 2147483647;
			files = (
				34ED091D2AEE71A2006D055D /* AppNavBarView.swift in Sources */,
				34DDF7F32AED35A800774E07 /* TabBarItemsPreferenceKey.swift in Sources */,
				34DDF7ED2AED2AD100774E07 /* AppTabBarView.swift in Sources */,
				34FFC2CC2AE578AF00DFEE98 /* ButtonStyleBootcamp.swift in Sources */,
				34FFC2CA2AE5719F00DFEE98 /* ViewModifierBootcamp.swift in Sources */,
				34FFC2CE2AE57EDE00DFEE98 /* AnyTransitionBootcamp.swift in Sources */,
				34FFC2BC2AE5717500DFEE98 /* SwiftfulAdvanceApp.swift in Sources */,
				348027332AEC178A0089C5D2 /* AnimatableDataBootcamp.swift in Sources */,
				34DDF7EF2AED2C4200774E07 /* CustomTabBarView.swift in Sources */,
				34ED09232AEE7A59006D055D /* CustomNavView.swift in Sources */,
				34ED091F2AEE72E3006D055D /* CustomNavBarView.swift in Sources */,
				34EF13652AEC24CE00DB66CB /* ViewBuilderBootcamp.swift in Sources */,
				34EF13632AEC1E2B00DB66CB /* GenericsBootcamp.swift in Sources */,
				34DDF7E82AED1D4600774E07 /* GeometryPreferenceKeyBootcamp.swift in Sources */,
				341BBEDA2AE6D27D00C64E59 /* MatchedGeometryEffectBootcamp.swift in Sources */,
				34ED091A2AEE69BD006D055D /* TabBarItem.swift in Sources */,
				341BBEDC2AE6D8B200C64E59 /* CustomShapesBootcamp.swift in Sources */,
				34DDF7E52AED18B300774E07 /* PreferenceKeyBootcamp.swift in Sources */,
				34ED09212AEE75A8006D055D /* CustomNavBarContainerView.swift in Sources */,
				34DDF7EA2AED204100774E07 /* ScrollViewOffsetPreferenceKeyBootcamp.swift in Sources */,
				343510DF2AE829590029B9E7 /* CustomCurvesBootcamp.swift in Sources */,
				34DDF7F12AED324E00774E07 /* CustomTabBarContainerView.swift in Sources */,
			);
			runOnlyForDeploymentPostprocessing = 0;
		};
/* End PBXSourcesBuildPhase section */

/* Begin XCBuildConfiguration section */
		34FFC2C42AE5717900DFEE98 /* Debug */ = {
			isa = XCBuildConfiguration;
			buildSettings = {
				ALWAYS_SEARCH_USER_PATHS = NO;
				CLANG_ANALYZER_NONNULL = YES;
				CLANG_ANALYZER_NUMBER_OBJECT_CONVERSION = YES_AGGRESSIVE;
				CLANG_CXX_LANGUAGE_STANDARD = "gnu++20";
				CLANG_ENABLE_MODULES = YES;
				CLANG_ENABLE_OBJC_ARC = YES;
				CLANG_ENABLE_OBJC_WEAK = YES;
				CLANG_WARN_BLOCK_CAPTURE_AUTORELEASING = YES;
				CLANG_WARN_BOOL_CONVERSION = YES;
				CLANG_WARN_COMMA = YES;
				CLANG_WARN_CONSTANT_CONVERSION = YES;
				CLANG_WARN_DEPRECATED_OBJC_IMPLEMENTATIONS = YES;
				CLANG_WARN_DIRECT_OBJC_ISA_USAGE = YES_ERROR;
				CLANG_WARN_DOCUMENTATION_COMMENTS = YES;
				CLANG_WARN_EMPTY_BODY = YES;
				CLANG_WARN_ENUM_CONVERSION = YES;
				CLANG_WARN_INFINITE_RECURSION = YES;
				CLANG_WARN_INT_CONVERSION = YES;
				CLANG_WARN_NON_LITERAL_NULL_CONVERSION = YES;
				CLANG_WARN_OBJC_IMPLICIT_RETAIN_SELF = YES;
				CLANG_WARN_OBJC_LITERAL_CONVERSION = YES;
				CLANG_WARN_OBJC_ROOT_CLASS = YES_ERROR;
				CLANG_WARN_QUOTED_INCLUDE_IN_FRAMEWORK_HEADER = YES;
				CLANG_WARN_RANGE_LOOP_ANALYSIS = YES;
				CLANG_WARN_STRICT_PROTOTYPES = YES;
				CLANG_WARN_SUSPICIOUS_MOVE = YES;
				CLANG_WARN_UNGUARDED_AVAILABILITY = YES_AGGRESSIVE;
				CLANG_WARN_UNREACHABLE_CODE = YES;
				CLANG_WARN__DUPLICATE_METHOD_MATCH = YES;
				COPY_PHASE_STRIP = NO;
				DEBUG_INFORMATION_FORMAT = dwarf;
				ENABLE_STRICT_OBJC_MSGSEND = YES;
				ENABLE_TESTABILITY = YES;
				GCC_C_LANGUAGE_STANDARD = gnu11;
				GCC_DYNAMIC_NO_PIC = NO;
				GCC_NO_COMMON_BLOCKS = YES;
				GCC_OPTIMIZATION_LEVEL = 0;
				GCC_PREPROCESSOR_DEFINITIONS = (
					"DEBUG=1",
					"$(inherited)",
				);
				GCC_WARN_64_TO_32_BIT_CONVERSION = YES;
				GCC_WARN_ABOUT_RETURN_TYPE = YES_ERROR;
				GCC_WARN_UNDECLARED_SELECTOR = YES;
				GCC_WARN_UNINITIALIZED_AUTOS = YES_AGGRESSIVE;
				GCC_WARN_UNUSED_FUNCTION = YES;
				GCC_WARN_UNUSED_VARIABLE = YES;
				IPHONEOS_DEPLOYMENT_TARGET = 16.4;
				MTL_ENABLE_DEBUG_INFO = INCLUDE_SOURCE;
				MTL_FAST_MATH = YES;
				ONLY_ACTIVE_ARCH = YES;
				SDKROOT = iphoneos;
				SWIFT_ACTIVE_COMPILATION_CONDITIONS = DEBUG;
				SWIFT_OPTIMIZATION_LEVEL = "-Onone";
			};
			name = Debug;
		};
		34FFC2C52AE5717900DFEE98 /* Release */ = {
			isa = XCBuildConfiguration;
			buildSettings = {
				ALWAYS_SEARCH_USER_PATHS = NO;
				CLANG_ANALYZER_NONNULL = YES;
				CLANG_ANALYZER_NUMBER_OBJECT_CONVERSION = YES_AGGRESSIVE;
				CLANG_CXX_LANGUAGE_STANDARD = "gnu++20";
				CLANG_ENABLE_MODULES = YES;
				CLANG_ENABLE_OBJC_ARC = YES;
				CLANG_ENABLE_OBJC_WEAK = YES;
				CLANG_WARN_BLOCK_CAPTURE_AUTORELEASING = YES;
				CLANG_WARN_BOOL_CONVERSION = YES;
				CLANG_WARN_COMMA = YES;
				CLANG_WARN_CONSTANT_CONVERSION = YES;
				CLANG_WARN_DEPRECATED_OBJC_IMPLEMENTATIONS = YES;
				CLANG_WARN_DIRECT_OBJC_ISA_USAGE = YES_ERROR;
				CLANG_WARN_DOCUMENTATION_COMMENTS = YES;
				CLANG_WARN_EMPTY_BODY = YES;
				CLANG_WARN_ENUM_CONVERSION = YES;
				CLANG_WARN_INFINITE_RECURSION = YES;
				CLANG_WARN_INT_CONVERSION = YES;
				CLANG_WARN_NON_LITERAL_NULL_CONVERSION = YES;
				CLANG_WARN_OBJC_IMPLICIT_RETAIN_SELF = YES;
				CLANG_WARN_OBJC_LITERAL_CONVERSION = YES;
				CLANG_WARN_OBJC_ROOT_CLASS = YES_ERROR;
				CLANG_WARN_QUOTED_INCLUDE_IN_FRAMEWORK_HEADER = YES;
				CLANG_WARN_RANGE_LOOP_ANALYSIS = YES;
				CLANG_WARN_STRICT_PROTOTYPES = YES;
				CLANG_WARN_SUSPICIOUS_MOVE = YES;
				CLANG_WARN_UNGUARDED_AVAILABILITY = YES_AGGRESSIVE;
				CLANG_WARN_UNREACHABLE_CODE = YES;
				CLANG_WARN__DUPLICATE_METHOD_MATCH = YES;
				COPY_PHASE_STRIP = NO;
				DEBUG_INFORMATION_FORMAT = "dwarf-with-dsym";
				ENABLE_NS_ASSERTIONS = NO;
				ENABLE_STRICT_OBJC_MSGSEND = YES;
				GCC_C_LANGUAGE_STANDARD = gnu11;
				GCC_NO_COMMON_BLOCKS = YES;
				GCC_WARN_64_TO_32_BIT_CONVERSION = YES;
				GCC_WARN_ABOUT_RETURN_TYPE = YES_ERROR;
				GCC_WARN_UNDECLARED_SELECTOR = YES;
				GCC_WARN_UNINITIALIZED_AUTOS = YES_AGGRESSIVE;
				GCC_WARN_UNUSED_FUNCTION = YES;
				GCC_WARN_UNUSED_VARIABLE = YES;
				IPHONEOS_DEPLOYMENT_TARGET = 16.4;
				MTL_ENABLE_DEBUG_INFO = NO;
				MTL_FAST_MATH = YES;
				SDKROOT = iphoneos;
				SWIFT_COMPILATION_MODE = wholemodule;
				SWIFT_OPTIMIZATION_LEVEL = "-O";
				VALIDATE_PRODUCT = YES;
			};
			name = Release;
		};
		34FFC2C72AE5717900DFEE98 /* Debug */ = {
			isa = XCBuildConfiguration;
			buildSettings = {
				ASSETCATALOG_COMPILER_APPICON_NAME = AppIcon;
				ASSETCATALOG_COMPILER_GLOBAL_ACCENT_COLOR_NAME = AccentColor;
				CODE_SIGN_STYLE = Automatic;
				CURRENT_PROJECT_VERSION = 1;
				DEVELOPMENT_ASSET_PATHS = "\"SwiftfulAdvance/Preview Content\"";
				DEVELOPMENT_TEAM = 4XAMG487KR;
				ENABLE_PREVIEWS = YES;
				GENERATE_INFOPLIST_FILE = YES;
				INFOPLIST_KEY_UIApplicationSceneManifest_Generation = YES;
				INFOPLIST_KEY_UIApplicationSupportsIndirectInputEvents = YES;
				INFOPLIST_KEY_UILaunchScreen_Generation = YES;
				INFOPLIST_KEY_UISupportedInterfaceOrientations_iPad = "UIInterfaceOrientationPortrait UIInterfaceOrientationPortraitUpsideDown UIInterfaceOrientationLandscapeLeft UIInterfaceOrientationLandscapeRight";
				INFOPLIST_KEY_UISupportedInterfaceOrientations_iPhone = "UIInterfaceOrientationPortrait UIInterfaceOrientationLandscapeLeft UIInterfaceOrientationLandscapeRight";
				LD_RUNPATH_SEARCH_PATHS = (
					"$(inherited)",
					"@executable_path/Frameworks",
				);
				MARKETING_VERSION = 1.0;
				PRODUCT_BUNDLE_IDENTIFIER = com.quarantasis.SwiftfulAdvance;
				PRODUCT_NAME = "$(TARGET_NAME)";
				SWIFT_EMIT_LOC_STRINGS = YES;
				SWIFT_VERSION = 5.0;
				TARGETED_DEVICE_FAMILY = "1,2";
			};
			name = Debug;
		};
		34FFC2C82AE5717900DFEE98 /* Release */ = {
			isa = XCBuildConfiguration;
			buildSettings = {
				ASSETCATALOG_COMPILER_APPICON_NAME = AppIcon;
				ASSETCATALOG_COMPILER_GLOBAL_ACCENT_COLOR_NAME = AccentColor;
				CODE_SIGN_STYLE = Automatic;
				CURRENT_PROJECT_VERSION = 1;
				DEVELOPMENT_ASSET_PATHS = "\"SwiftfulAdvance/Preview Content\"";
				DEVELOPMENT_TEAM = 4XAMG487KR;
				ENABLE_PREVIEWS = YES;
				GENERATE_INFOPLIST_FILE = YES;
				INFOPLIST_KEY_UIApplicationSceneManifest_Generation = YES;
				INFOPLIST_KEY_UIApplicationSupportsIndirectInputEvents = YES;
				INFOPLIST_KEY_UILaunchScreen_Generation = YES;
				INFOPLIST_KEY_UISupportedInterfaceOrientations_iPad = "UIInterfaceOrientationPortrait UIInterfaceOrientationPortraitUpsideDown UIInterfaceOrientationLandscapeLeft UIInterfaceOrientationLandscapeRight";
				INFOPLIST_KEY_UISupportedInterfaceOrientations_iPhone = "UIInterfaceOrientationPortrait UIInterfaceOrientationLandscapeLeft UIInterfaceOrientationLandscapeRight";
				LD_RUNPATH_SEARCH_PATHS = (
					"$(inherited)",
					"@executable_path/Frameworks",
				);
				MARKETING_VERSION = 1.0;
				PRODUCT_BUNDLE_IDENTIFIER = com.quarantasis.SwiftfulAdvance;
				PRODUCT_NAME = "$(TARGET_NAME)";
				SWIFT_EMIT_LOC_STRINGS = YES;
				SWIFT_VERSION = 5.0;
				TARGETED_DEVICE_FAMILY = "1,2";
			};
			name = Release;
		};
/* End XCBuildConfiguration section */

/* Begin XCConfigurationList section */
		34FFC2B32AE5717400DFEE98 /* Build configuration list for PBXProject "SwiftfulAdvance" */ = {
			isa = XCConfigurationList;
			buildConfigurations = (
				34FFC2C42AE5717900DFEE98 /* Debug */,
				34FFC2C52AE5717900DFEE98 /* Release */,
			);
			defaultConfigurationIsVisible = 0;
			defaultConfigurationName = Release;
		};
		34FFC2C62AE5717900DFEE98 /* Build configuration list for PBXNativeTarget "SwiftfulAdvance" */ = {
			isa = XCConfigurationList;
			buildConfigurations = (
				34FFC2C72AE5717900DFEE98 /* Debug */,
				34FFC2C82AE5717900DFEE98 /* Release */,
			);
			defaultConfigurationIsVisible = 0;
			defaultConfigurationName = Release;
		};
/* End XCConfigurationList section */
	};
	rootObject = 34FFC2B02AE5717400DFEE98 /* Project object */;
}
